
Microsoft Visual Studio Solution File, Format Version 12.00
# Visual Studio Version 16
VisualStudioVersion = 16.0.29613.14
MinimumVisualStudioVersion = 10.0.40219.1
Project("{FAE04EC0-301F-11D3-BF4B-00C04F79EFBC}") = "ConsoleAppNavegador", "ConsoleAppNavegador\ConsoleAppNavegador.csproj", "{239488EA-608F-47B4-8896-B5B4749CF1B8}"
EndProject
Global
	GlobalSection(SolutionConfigurationPlatforms) = preSolution
		Debug|Any CPU = Debug|Any CPU
		Release|Any CPU = Release|Any CPU
	EndGlobalSection
	GlobalSection(ProjectConfigurationPlatforms) = postSolution
		{239488EA-608F-47B4-8896-B5B4749CF1B8}.Debug|Any CPU.ActiveCfg = Debug|Any CPU
		{239488EA-608F-47B4-8896-B5B4749CF1B8}.Debug|Any CPU.Build.0 = Debug|Any CPU
		{239488EA-608F-47B4-8896-B5B4749CF1B8}.Release|Any CPU.ActiveCfg = Release|Any CPU
		{239488EA-608F-47B4-8896-B5B4749CF1B8}.Release|Any CPU.Build.0 = Release|Any CPU
	EndGlobalSection
	GlobalSection(SolutionProperties) = preSolution
		HideSolutionNode = FALSE
	EndGlobalSection
	GlobalSection(ExtensibilityGlobals) = postSolution
		SolutionGuid = {2278BAC0-F830-4FA2-9D93-B26EE12B1F22}
	EndGlobalSection
EndGlobal
